// !$*UTF8*$!
{
	archiveVersion = 1;
	classes = {
	};
	objectVersion = 48;
	objects = {

/* Begin PBXBuildFile section */
		74485798202D8B360086D4B5 /* AppDelegate.m in Sources */ = {isa = PBXBuildFile; fileRef = 74485797202D8B360086D4B5 /* AppDelegate.m */; };
		7448579B202D8B360086D4B5 /* ViewController.m in Sources */ = {isa = PBXBuildFile; fileRef = 7448579A202D8B360086D4B5 /* ViewController.m */; };
		7448579E202D8B360086D4B5 /* Main.storyboard in Resources */ = {isa = PBXBuildFile; fileRef = 7448579C202D8B360086D4B5 /* Main.storyboard */; };
		744857A0202D8B360086D4B5 /* Assets.xcassets in Resources */ = {isa = PBXBuildFile; fileRef = 7448579F202D8B360086D4B5 /* Assets.xcassets */; };
		744857A3202D8B360086D4B5 /* LaunchScreen.storyboard in Resources */ = {isa = PBXBuildFile; fileRef = 744857A1202D8B360086D4B5 /* LaunchScreen.storyboard */; };
		744857A6202D8B360086D4B5 /* main.m in Sources */ = {isa = PBXBuildFile; fileRef = 744857A5202D8B360086D4B5 /* main.m */; };
		744857AD202D97F00086D4B5 /* libz.tbd in Frameworks */ = {isa = PBXBuildFile; fileRef = 744857AC202D97F00086D4B5 /* libz.tbd */; };
		744857AF202D97F70086D4B5 /* JavaScriptCore.framework in Frameworks */ = {isa = PBXBuildFile; fileRef = 744857AE202D97F70086D4B5 /* JavaScriptCore.framework */; };
		744857B2202DD2E70086D4B5 /* main.js in Resources */ = {isa = PBXBuildFile; fileRef = 744857B1202DD1820086D4B5 /* main.js */; };
		827BFF278C58088A4DE2EFE4 /* libPods-JSPatch.a in Frameworks */ = {isa = PBXBuildFile; fileRef = 78AFB9979D5F4103B5057238 /* libPods-JSPatch.a */; };
/* End PBXBuildFile section */

/* Begin PBXFileReference section */
		19DBA43EEBFC45F646CEEDC7 /* Pods-JSPatch.release.xcconfig */ = {isa = PBXFileReference; includeInIndex = 1; lastKnownFileType = text.xcconfig; name = "Pods-JSPatch.release.xcconfig"; path = "Pods/Target Support Files/Pods-JSPatch/Pods-JSPatch.release.xcconfig"; sourceTree = "<group>"; };
		5A556AE218FA87949F9D303A /* Pods-JSPatch.debug.xcconfig */ = {isa = PBXFileReference; includeInIndex = 1; lastKnownFileType = text.xcconfig; name = "Pods-JSPatch.debug.xcconfig"; path = "Pods/Target Support Files/Pods-JSPatch/Pods-JSPatch.debug.xcconfig"; sourceTree = "<group>"; };
		74485793202D8B360086D4B5 /* JSPatch.app */ = {isa = PBXFileReference; explicitFileType = wrapper.application; includeInIndex = 0; path = JSPatch.app; sourceTree = BUILT_PRODUCTS_DIR; };
		74485796202D8B360086D4B5 /* AppDelegate.h */ = {isa = PBXFileReference; lastKnownFileType = sourcecode.c.h; path = AppDelegate.h; sourceTree = "<group>"; };
		74485797202D8B360086D4B5 /* AppDelegate.m */ = {isa = PBXFileReference; lastKnownFileType = sourcecode.c.objc; path = AppDelegate.m; sourceTree = "<group>"; };
		74485799202D8B360086D4B5 /* ViewController.h */ = {isa = PBXFileReference; lastKnownFileType = sourcecode.c.h; path = ViewController.h; sourceTree = "<group>"; };
		7448579A202D8B360086D4B5 /* ViewController.m */ = {isa = PBXFileReference; lastKnownFileType = sourcecode.c.objc; path = ViewController.m; sourceTree = "<group>"; };
		7448579D202D8B360086D4B5 /* Base */ = {isa = PBXFileReference; lastKnownFileType = file.storyboard; name = Base; path = Base.lproj/Main.storyboard; sourceTree = "<group>"; };
		7448579F202D8B360086D4B5 /* Assets.xcassets */ = {isa = PBXFileReference; lastKnownFileType = folder.assetcatalog; path = Assets.xcassets; sourceTree = "<group>"; };
		744857A2202D8B360086D4B5 /* Base */ = {isa = PBXFileReference; lastKnownFileType = file.storyboard; name = Base; path = Base.lproj/LaunchScreen.storyboard; sourceTree = "<group>"; };
		744857A4202D8B360086D4B5 /* Info.plist */ = {isa = PBXFileReference; lastKnownFileType = text.plist.xml; path = Info.plist; sourceTree = "<group>"; };
		744857A5202D8B360086D4B5 /* main.m */ = {isa = PBXFileReference; lastKnownFileType = sourcecode.c.objc; path = main.m; sourceTree = "<group>"; };
		744857AC202D97F00086D4B5 /* libz.tbd */ = {isa = PBXFileReference; lastKnownFileType = "sourcecode.text-based-dylib-definition"; name = libz.tbd; path = usr/lib/libz.tbd; sourceTree = SDKROOT; };
		744857AE202D97F70086D4B5 /* JavaScriptCore.framework */ = {isa = PBXFileReference; lastKnownFileType = wrapper.framework; name = JavaScriptCore.framework; path = System/Library/Frameworks/JavaScriptCore.framework; sourceTree = SDKROOT; };
		744857B0202D9BFE0086D4B5 /* JSPatch.entitlements */ = {isa = PBXFileReference; lastKnownFileType = text.plist.entitlements; path = JSPatch.entitlements; sourceTree = "<group>"; };
		744857B1202DD1820086D4B5 /* main.js */ = {isa = PBXFileReference; lastKnownFileType = sourcecode.javascript; path = main.js; sourceTree = "<group>"; };
		78AFB9979D5F4103B5057238 /* libPods-JSPatch.a */ = {isa = PBXFileReference; explicitFileType = archive.ar; includeInIndex = 0; path = "libPods-JSPatch.a"; sourceTree = BUILT_PRODUCTS_DIR; };
/* End PBXFileReference section */

/* Begin PBXFrameworksBuildPhase section */
		74485790202D8B360086D4B5 /* Frameworks */ = {
			isa = PBXFrameworksBuildPhase;
			buildActionMask = 2147483647;
			files = (
				744857AF202D97F70086D4B5 /* JavaScriptCore.framework in Frameworks */,
				744857AD202D97F00086D4B5 /* libz.tbd in Frameworks */,
				827BFF278C58088A4DE2EFE4 /* libPods-JSPatch.a in Frameworks */,
			);
			runOnlyForDeploymentPostprocessing = 0;
		};
/* End PBXFrameworksBuildPhase section */

/* Begin PBXGroup section */
		0162083827F083E11FA9BAEA /* Frameworks */ = {
			isa = PBXGroup;
			children = (
				744857AE202D97F70086D4B5 /* JavaScriptCore.framework */,
				744857AC202D97F00086D4B5 /* libz.tbd */,
				78AFB9979D5F4103B5057238 /* libPods-JSPatch.a */,
			);
			name = Frameworks;
			sourceTree = "<group>";
		};
		7448578A202D8B360086D4B5 = {
			isa = PBXGroup;
			children = (
				74485795202D8B360086D4B5 /* JSPatch */,
				74485794202D8B360086D4B5 /* Products */,
				76DECDC94F75477A6EF99630 /* Pods */,
				0162083827F083E11FA9BAEA /* Frameworks */,
			);
			sourceTree = "<group>";
		};
		74485794202D8B360086D4B5 /* Products */ = {
			isa = PBXGroup;
			children = (
				74485793202D8B360086D4B5 /* JSPatch.app */,
			);
			name = Products;
			sourceTree = "<group>";
		};
		74485795202D8B360086D4B5 /* JSPatch */ = {
			isa = PBXGroup;
			children = (
				744857B0202D9BFE0086D4B5 /* JSPatch.entitlements */,
				74485796202D8B360086D4B5 /* AppDelegate.h */,
				74485797202D8B360086D4B5 /* AppDelegate.m */,
				744857B1202DD1820086D4B5 /* main.js */,
				74485799202D8B360086D4B5 /* ViewController.h */,
				7448579A202D8B360086D4B5 /* ViewController.m */,
				7448579C202D8B360086D4B5 /* Main.storyboard */,
				7448579F202D8B360086D4B5 /* Assets.xcassets */,
				744857A1202D8B360086D4B5 /* LaunchScreen.storyboard */,
				744857A4202D8B360086D4B5 /* Info.plist */,
				744857A5202D8B360086D4B5 /* main.m */,
			);
			path = JSPatch;
			sourceTree = "<group>";
		};
		76DECDC94F75477A6EF99630 /* Pods */ = {
			isa = PBXGroup;
			children = (
				5A556AE218FA87949F9D303A /* Pods-JSPatch.debug.xcconfig */,
				19DBA43EEBFC45F646CEEDC7 /* Pods-JSPatch.release.xcconfig */,
			);
			name = Pods;
			sourceTree = "<group>";
		};
/* End PBXGroup section */

/* Begin PBXNativeTarget section */
		74485792202D8B360086D4B5 /* JSPatch */ = {
			isa = PBXNativeTarget;
			buildConfigurationList = 744857A9202D8B360086D4B5 /* Build configuration list for PBXNativeTarget "JSPatch" */;
			buildPhases = (
				6D4877FCD1432788AA2D2182 /* [CP] Check Pods Manifest.lock */,
				7448578F202D8B360086D4B5 /* Sources */,
				74485790202D8B360086D4B5 /* Frameworks */,
				74485791202D8B360086D4B5 /* Resources */,
				CB7061D423110D65B49822E9 /* [CP] Embed Pods Frameworks */,
				7CF7ED5CC89C44288CC6D8D3 /* [CP] Copy Pods Resources */,
			);
			buildRules = (
			);
			dependencies = (
			);
			name = JSPatch;
			productName = JSPatch;
			productReference = 74485793202D8B360086D4B5 /* JSPatch.app */;
			productType = "com.apple.product-type.application";
		};
/* End PBXNativeTarget section */

/* Begin PBXProject section */
		7448578B202D8B360086D4B5 /* Project object */ = {
			isa = PBXProject;
			attributes = {
				LastUpgradeCheck = 0920;
				ORGANIZATIONNAME = "陈诚";
				TargetAttributes = {
					74485792202D8B360086D4B5 = {
						CreatedOnToolsVersion = 9.2;
						ProvisioningStyle = Automatic;
						SystemCapabilities = {
							com.apple.Keychain = {
								enabled = 1;
							};
						};
					};
				};
			};
			buildConfigurationList = 7448578E202D8B360086D4B5 /* Build configuration list for PBXProject "JSPatch" */;
			compatibilityVersion = "Xcode 8.0";
			developmentRegion = en;
			hasScannedForEncodings = 0;
			knownRegions = (
				en,
				Base,
			);
			mainGroup = 7448578A202D8B360086D4B5;
			productRefGroup = 74485794202D8B360086D4B5 /* Products */;
			projectDirPath = "";
			projectRoot = "";
			targets = (
				74485792202D8B360086D4B5 /* JSPatch */,
			);
		};
/* End PBXProject section */

/* Begin PBXResourcesBuildPhase section */
		74485791202D8B360086D4B5 /* Resources */ = {
			isa = PBXResourcesBuildPhase;
			buildActionMask = 2147483647;
			files = (
				744857A3202D8B360086D4B5 /* LaunchScreen.storyboard in Resources */,
				744857A0202D8B360086D4B5 /* Assets.xcassets in Resources */,
				7448579E202D8B360086D4B5 /* Main.storyboard in Resources */,
				744857B2202DD2E70086D4B5 /* main.js in Resources */,
			);
			runOnlyForDeploymentPostprocessing = 0;
		};
/* End PBXResourcesBuildPhase section */

/* Begin PBXShellScriptBuildPhase section */
		6D4877FCD1432788AA2D2182 /* [CP] Check Pods Manifest.lock */ = {
			isa = PBXShellScriptBuildPhase;
			buildActionMask = 2147483647;
			files = (
			);
			inputPaths = (
				"${PODS_PODFILE_DIR_PATH}/Podfile.lock",
				"${PODS_ROOT}/Manifest.lock",
			);
			name = "[CP] Check Pods Manifest.lock";
			outputPaths = (
				"$(DERIVED_FILE_DIR)/Pods-JSPatch-checkManifestLockResult.txt",
			);
			runOnlyForDeploymentPostprocessing = 0;
			shellPath = /bin/sh;
			shellScript = "diff \"${PODS_PODFILE_DIR_PATH}/Podfile.lock\" \"${PODS_ROOT}/Manifest.lock\" > /dev/null\nif [ $? != 0 ] ; then\n    # print error to STDERR\n    echo \"error: The sandbox is not in sync with the Podfile.lock. Run 'pod install' or update your CocoaPods installation.\" >&2\n    exit 1\nfi\n# This output is used by Xcode 'outputs' to avoid re-running this script phase.\necho \"SUCCESS\" > \"${SCRIPT_OUTPUT_FILE_0}\"\n";
			showEnvVarsInLog = 0;
		};
		7CF7ED5CC89C44288CC6D8D3 /* [CP] Copy Pods Resources */ = {
			isa = PBXShellScriptBuildPhase;
			buildActionMask = 2147483647;
			files = (
			);
			inputPaths = (
				"${SRCROOT}/Pods/Target Support Files/Pods-JSPatch/Pods-JSPatch-resources.sh",
				"${PODS_ROOT}/JSPatch/JSPatch/JSPatch.js",
			);
			name = "[CP] Copy Pods Resources";
			outputPaths = (
				"${TARGET_BUILD_DIR}/${UNLOCALIZED_RESOURCES_FOLDER_PATH}",
			);
			runOnlyForDeploymentPostprocessing = 0;
			shellPath = /bin/sh;
			shellScript = "\"${SRCROOT}/Pods/Target Support Files/Pods-JSPatch/Pods-JSPatch-resources.sh\"\n";
			showEnvVarsInLog = 0;
		};
		CB7061D423110D65B49822E9 /* [CP] Embed Pods Frameworks */ = {
			isa = PBXShellScriptBuildPhase;
			buildActionMask = 2147483647;
			files = (
			);
			inputPaths = (
			);
			name = "[CP] Embed Pods Frameworks";
			outputPaths = (
			);
			runOnlyForDeploymentPostprocessing = 0;
			shellPath = /bin/sh;
			shellScript = "\"${SRCROOT}/Pods/Target Support Files/Pods-JSPatch/Pods-JSPatch-frameworks.sh\"\n";
			showEnvVarsInLog = 0;
		};
/* End PBXShellScriptBuildPhase section */

/* Begin PBXSourcesBuildPhase section */
		7448578F202D8B360086D4B5 /* Sources */ = {
			isa = PBXSourcesBuildPhase;
			buildActionMask = 2147483647;
			files = (
				7448579B202D8B360086D4B5 /* ViewController.m in Sources */,
				744857A6202D8B360086D4B5 /* main.m in Sources */,
				74485798202D8B360086D4B5 /* AppDelegate.m in Sources */,
			);
			runOnlyForDeploymentPostprocessing = 0;
		};
/* End PBXSourcesBuildPhase section */

/* Begin PBXVariantGroup section */
		7448579C202D8B360086D4B5 /* Main.storyboard */ = {
			isa = PBXVariantGroup;
			children = (
				7448579D202D8B360086D4B5 /* Base */,
			);
			name = Main.storyboard;
			sourceTree = "<group>";
		};
		744857A1202D8B360086D4B5 /* LaunchScreen.storyboard */ = {
			isa = PBXVariantGroup;
			children = (
				744857A2202D8B360086D4B5 /* Base */,
			);
			name = LaunchScreen.storyboard;
			sourceTree = "<group>";
		};
/* End PBXVariantGroup section */

/* Begin XCBuildConfiguration section */
		744857A7202D8B360086D4B5 /* Debug */ = {
			isa = XCBuildConfiguration;
			buildSettings = {
				ALWAYS_SEARCH_USER_PATHS = NO;
				CLANG_ANALYZER_NONNULL = YES;
				CLANG_ANALYZER_NUMBER_OBJECT_CONVERSION = YES_AGGRESSIVE;
				CLANG_CXX_LANGUAGE_STANDARD = "gnu++14";
				CLANG_CXX_LIBRARY = "libc++";
				CLANG_ENABLE_MODULES = YES;
				CLANG_ENABLE_OBJC_ARC = YES;
				CLANG_WARN_BLOCK_CAPTURE_AUTORELEASING = YES;
				CLANG_WARN_BOOL_CONVERSION = YES;
				CLANG_WARN_COMMA = YES;
				CLANG_WARN_CONSTANT_CONVERSION = YES;
				CLANG_WARN_DIRECT_OBJC_ISA_USAGE = YES_ERROR;
				CLANG_WARN_DOCUMENTATION_COMMENTS = YES;
				CLANG_WARN_EMPTY_BODY = YES;
				CLANG_WARN_ENUM_CONVERSION = YES;
				CLANG_WARN_INFINITE_RECURSION = YES;
				CLANG_WARN_INT_CONVERSION = YES;
				CLANG_WARN_NON_LITERAL_NULL_CONVERSION = YES;
				CLANG_WARN_OBJC_LITERAL_CONVERSION = YES;
				CLANG_WARN_OBJC_ROOT_CLASS = YES_ERROR;
				CLANG_WARN_RANGE_LOOP_ANALYSIS = YES;
				CLANG_WARN_STRICT_PROTOTYPES = YES;
				CLANG_WARN_SUSPICIOUS_MOVE = YES;
				CLANG_WARN_UNGUARDED_AVAILABILITY = YES_AGGRESSIVE;
				CLANG_WARN_UNREACHABLE_CODE = YES;
				CLANG_WARN__DUPLICATE_METHOD_MATCH = YES;
				CODE_SIGN_IDENTITY = "iPhone Developer";
				COPY_PHASE_STRIP = NO;
				DEBUG_INFORMATION_FORMAT = dwarf;
				ENABLE_STRICT_OBJC_MSGSEND = YES;
				ENABLE_TESTABILITY = YES;
				GCC_C_LANGUAGE_STANDARD = gnu11;
				GCC_DYNAMIC_NO_PIC = NO;
				GCC_NO_COMMON_BLOCKS = YES;
				GCC_OPTIMIZATION_LEVEL = 0;
				GCC_PREPROCESSOR_DEFINITIONS = (
					"DEBUG=1",
					"$(inherited)",
				);
				GCC_WARN_64_TO_32_BIT_CONVERSION = YES;
				GCC_WARN_ABOUT_RETURN_TYPE = YES_ERROR;
				GCC_WARN_UNDECLARED_SELECTOR = YES;
				GCC_WARN_UNINITIALIZED_AUTOS = YES_AGGRESSIVE;
				GCC_WARN_UNUSED_FUNCTION = YES;
				GCC_WARN_UNUSED_VARIABLE = YES;
				IPHONEOS_DEPLOYMENT_TARGET = 11.2;
				MTL_ENABLE_DEBUG_INFO = YES;
				ONLY_ACTIVE_ARCH = YES;
				SDKROOT = iphoneos;
			};
			name = Debug;
		};
		744857A8202D8B360086D4B5 /* Release */ = {
			isa = XCBuildConfiguration;
			buildSettings = {
				ALWAYS_SEARCH_USER_PATHS = NO;
				CLANG_ANALYZER_NONNULL = YES;
				CLANG_ANALYZER_NUMBER_OBJECT_CONVERSION = YES_AGGRESSIVE;
				CLANG_CXX_LANGUAGE_STANDARD = "gnu++14";
				CLANG_CXX_LIBRARY = "libc++";
				CLANG_ENABLE_MODULES = YES;
				CLANG_ENABLE_OBJC_ARC = YES;
				CLANG_WARN_BLOCK_CAPTURE_AUTORELEASING = YES;
				CLANG_WARN_BOOL_CONVERSION = YES;
				CLANG_WARN_COMMA = YES;
				CLANG_WARN_CONSTANT_CONVERSION = YES;
				CLANG_WARN_DIRECT_OBJC_ISA_USAGE = YES_ERROR;
				CLANG_WARN_DOCUMENTATION_COMMENTS = YES;
				CLANG_WARN_EMPTY_BODY = YES;
				CLANG_WARN_ENUM_CONVERSION = YES;
				CLANG_WARN_INFINITE_RECURSION = YES;
				CLANG_WARN_INT_CONVERSION = YES;
				CLANG_WARN_NON_LITERAL_NULL_CONVERSION = YES;
				CLANG_WARN_OBJC_LITERAL_CONVERSION = YES;
				CLANG_WARN_OBJC_ROOT_CLASS = YES_ERROR;
				CLANG_WARN_RANGE_LOOP_ANALYSIS = YES;
				CLANG_WARN_STRICT_PROTOTYPES = YES;
				CLANG_WARN_SUSPICIOUS_MOVE = YES;
				CLANG_WARN_UNGUARDED_AVAILABILITY = YES_AGGRESSIVE;
				CLANG_WARN_UNREACHABLE_CODE = YES;
				CLANG_WARN__DUPLICATE_METHOD_MATCH = YES;
				CODE_SIGN_IDENTITY = "iPhone Developer";
				COPY_PHASE_STRIP = NO;
				DEBUG_INFORMATION_FORMAT = "dwarf-with-dsym";
				ENABLE_NS_ASSERTIONS = NO;
				ENABLE_STRICT_OBJC_MSGSEND = YES;
				GCC_C_LANGUAGE_STANDARD = gnu11;
				GCC_NO_COMMON_BLOCKS = YES;
				GCC_WARN_64_TO_32_BIT_CONVERSION = YES;
				GCC_WARN_ABOUT_RETURN_TYPE = YES_ERROR;
				GCC_WARN_UNDECLARED_SELECTOR = YES;
				GCC_WARN_UNINITIALIZED_AUTOS = YES_AGGRESSIVE;
				GCC_WARN_UNUSED_FUNCTION = YES;
				GCC_WARN_UNUSED_VARIABLE = YES;
				IPHONEOS_DEPLOYMENT_TARGET = 11.2;
				MTL_ENABLE_DEBUG_INFO = NO;
				SDKROOT = iphoneos;
				VALIDATE_PRODUCT = YES;
			};
			name = Release;
		};
		744857AA202D8B360086D4B5 /* Debug */ = {
			isa = XCBuildConfiguration;
			baseConfigurationReference = 5A556AE218FA87949F9D303A /* Pods-JSPatch.debug.xcconfig */;
			buildSettings = {
				ASSETCATALOG_COMPILER_APPICON_NAME = AppIcon;
				CODE_SIGN_ENTITLEMENTS = JSPatch/JSPatch.entitlements;
				CODE_SIGN_STYLE = Automatic;
				DEVELOPMENT_TEAM = 2X59K3482S;
				INFOPLIST_FILE = JSPatch/Info.plist;
				LD_RUNPATH_SEARCH_PATHS = "$(inherited) @executable_path/Frameworks";
				PRODUCT_BUNDLE_IDENTIFIER = com.RenMaiBusinessCard.JSPatch;
				PRODUCT_NAME = "$(TARGET_NAME)";
				TARGETED_DEVICE_FAMILY = "1,2";
			};
			name = Debug;
		};
		744857AB202D8B360086D4B5 /* Release */ = {
			isa = XCBuildConfiguration;
			baseConfigurationReference = 19DBA43EEBFC45F646CEEDC7 /* Pods-JSPatch.release.xcconfig */;
			buildSettings = {
				ASSETCATALOG_COMPILER_APPICON_NAME = AppIcon;
				CODE_SIGN_ENTITLEMENTS = JSPatch/JSPatch.entitlements;
				CODE_SIGN_STYLE = Automatic;
				DEVELOPMENT_TEAM = 2X59K3482S;
				INFOPLIST_FILE = JSPatch/Info.plist;
				LD_RUNPATH_SEARCH_PATHS = "$(inherited) @executable_path/Frameworks";
				PRODUCT_BUNDLE_IDENTIFIER = com.RenMaiBusinessCard.JSPatch;
				PRODUCT_NAME = "$(TARGET_NAME)";
				TARGETED_DEVICE_FAMILY = "1,2";
			};
			name = Release;
		};
/* End XCBuildConfiguration section */

/* Begin XCConfigurationList section */
		7448578E202D8B360086D4B5 /* Build configuration list for PBXProject "JSPatch" */ = {
			isa = XCConfigurationList;
			buildConfigurations = (
				744857A7202D8B360086D4B5 /* Debug */,
				744857A8202D8B360086D4B5 /* Release */,
			);
			defaultConfigurationIsVisible = 0;
			defaultConfigurationName = Release;
		};
		744857A9202D8B360086D4B5 /* Build configuration list for PBXNativeTarget "JSPatch" */ = {
			isa = XCConfigurationList;
			buildConfigurations = (
				744857AA202D8B360086D4B5 /* Debug */,
				744857AB202D8B360086D4B5 /* Release */,
			);
			defaultConfigurationIsVisible = 0;
			defaultConfigurationName = Release;
		};
/* End XCConfigurationList section */
	};
	rootObject = 7448578B202D8B360086D4B5 /* Project object */;
}
